// !$*UTF8*$!
{
	archiveVersion = 1;
	classes = {
	};
	objectVersion = 77;
	objects = {

/* Begin PBXBuildFile section */
		D8B5E3582D6E177F006BC604 /* Preview Assets.xcassets in Resources */ = {isa = PBXBuildFile; fileRef = D8B5E3442D6E177F006BC604 /* Preview Assets.xcassets */; };
		D8B5E3592D6E177F006BC604 /* Colors.xcassets in Resources */ = {isa = PBXBuildFile; fileRef = D8B5E3462D6E177F006BC604 /* Colors.xcassets */; };
		D8B5E35A2D6E177F006BC604 /* Assets.xcassets in Resources */ = {isa = PBXBuildFile; fileRef = D8B5E3482D6E177F006BC604 /* Assets.xcassets */; };
		D8B5E35B2D6E177F006BC604 /* Preview Assets.xcassets in Resources */ = {isa = PBXBuildFile; fileRef = D8B5E3492D6E177F006BC604 /* Preview Assets.xcassets */; };
		D8B5E35D2D6E177F006BC604 /* SwiftUITutorialDemoProjectsApp.swift in Sources */ = {isa = PBXBuildFile; fileRef = D8B5E3082D6E177F006BC604 /* SwiftUITutorialDemoProjectsApp.swift */; };
		D8B5E35E2D6E177F006BC604 /* LazyHGridExampleView.swift in Sources */ = {isa = PBXBuildFile; fileRef = D8B5E30A2D6E177F006BC604 /* LazyHGridExampleView.swift */; };
		D8B5E35F2D6E177F006BC604 /* LazyVGridExampleView.swift in Sources */ = {isa = PBXBuildFile; fileRef = D8B5E30B2D6E177F006BC604 /* LazyVGridExampleView.swift */; };
		D8B5E3602D6E177F006BC604 /* StaticGridExampleView.swift in Sources */ = {isa = PBXBuildFile; fileRef = D8B5E30C2D6E177F006BC604 /* StaticGridExampleView.swift */; };
		D8B5E3612D6E177F006BC604 /* GridAllExampleView.swift in Sources */ = {isa = PBXBuildFile; fileRef = D8B5E30E2D6E177F006BC604 /* GridAllExampleView.swift */; };
		D8B5E3622D6E177F006BC604 /* GridExampleListModel.swift in Sources */ = {isa = PBXBuildFile; fileRef = D8B5E30F2D6E177F006BC604 /* GridExampleListModel.swift */; };
		D8B5E3632D6E177F006BC604 /* GridMockData.swift in Sources */ = {isa = PBXBuildFile; fileRef = D8B5E3102D6E177F006BC604 /* GridMockData.swift */; };
		D8B5E3642D6E177F006BC604 /* GroupBoxExample.swift in Sources */ = {isa = PBXBuildFile; fileRef = D8B5E3122D6E177F006BC604 /* GroupBoxExample.swift */; };
		D8B5E3652D6E177F006BC604 /* MusicPlayerBox.swift in Sources */ = {isa = PBXBuildFile; fileRef = D8B5E3132D6E177F006BC604 /* MusicPlayerBox.swift */; };
		D8B5E3662D6E177F006BC604 /* ProfileCardTabbar.swift in Sources */ = {isa = PBXBuildFile; fileRef = D8B5E3152D6E177F006BC604 /* ProfileCardTabbar.swift */; };
		D8B5E3672D6E177F006BC604 /* ProfileCardTabbarButtonView.swift in Sources */ = {isa = PBXBuildFile; fileRef = D8B5E3162D6E177F006BC604 /* ProfileCardTabbarButtonView.swift */; };
		D8B5E3682D6E177F006BC604 /* ProfileCardTabbarView.swift in Sources */ = {isa = PBXBuildFile; fileRef = D8B5E3172D6E177F006BC604 /* ProfileCardTabbarView.swift */; };
		D8B5E3692D6E177F006BC604 /* CardListView.swift in Sources */ = {isa = PBXBuildFile; fileRef = D8B5E3192D6E177F006BC604 /* CardListView.swift */; };
		D8B5E36A2D6E177F006BC604 /* CardViewRow.swift in Sources */ = {isa = PBXBuildFile; fileRef = D8B5E31A2D6E177F006BC604 /* CardViewRow.swift */; };
		D8B5E36B2D6E177F006BC604 /* PersonData.swift in Sources */ = {isa = PBXBuildFile; fileRef = D8B5E31B2D6E177F006BC604 /* PersonData.swift */; };
		D8B5E36C2D6E177F006BC604 /* ReorderListExampleView.swift in Sources */ = {isa = PBXBuildFile; fileRef = D8B5E31E2D6E177F006BC604 /* ReorderListExampleView.swift */; };
		D8B5E36D2D6E177F006BC604 /* ScrollViewPagingAnimation.swift in Sources */ = {isa = PBXBuildFile; fileRef = D8B5E3202D6E177F006BC604 /* ScrollViewPagingAnimation.swift */; };
		D8B5E36E2D6E177F006BC604 /* PanGesture.swift in Sources */ = {isa = PBXBuildFile; fileRef = D8B5E3222D6E177F006BC604 /* PanGesture.swift */; };
		D8B5E36F2D6E177F006BC604 /* SwipeActionExampleView.swift in Sources */ = {isa = PBXBuildFile; fileRef = D8B5E3232D6E177F006BC604 /* SwipeActionExampleView.swift */; };
		D8B5E3702D6E177F006BC604 /* SwipeActionModel.swift in Sources */ = {isa = PBXBuildFile; fileRef = D8B5E3242D6E177F006BC604 /* SwipeActionModel.swift */; };
		D8B5E3712D6E177F006BC604 /* CustomTabbarExample1.swift in Sources */ = {isa = PBXBuildFile; fileRef = D8B5E3262D6E177F006BC604 /* CustomTabbarExample1.swift */; };
		D8B5E3722D6E177F006BC604 /* TabbarEnumExample1.swift in Sources */ = {isa = PBXBuildFile; fileRef = D8B5E3272D6E177F006BC604 /* TabbarEnumExample1.swift */; };
		D8B5E3732D6E177F006BC604 /* TabbarViewExample1.swift in Sources */ = {isa = PBXBuildFile; fileRef = D8B5E3282D6E177F006BC604 /* TabbarViewExample1.swift */; };
		D8B5E3742D6E177F006BC604 /* CustomTabbarExample2.swift in Sources */ = {isa = PBXBuildFile; fileRef = D8B5E32A2D6E177F006BC604 /* CustomTabbarExample2.swift */; };
		D8B5E3752D6E177F006BC604 /* TabbarViewExample2.swift in Sources */ = {isa = PBXBuildFile; fileRef = D8B5E32B2D6E177F006BC604 /* TabbarViewExample2.swift */; };
		D8B5E3762D6E177F006BC604 /* HelpingFunctions.swift in Sources */ = {isa = PBXBuildFile; fileRef = D8B5E32D2D6E177F006BC604 /* HelpingFunctions.swift */; };
		D8B5E3772D6E177F006BC604 /* TabbarEnumExample3.swift in Sources */ = {isa = PBXBuildFile; fileRef = D8B5E32E2D6E177F006BC604 /* TabbarEnumExample3.swift */; };
		D8B5E3782D6E177F006BC604 /* TabbarViewExample3.swift in Sources */ = {isa = PBXBuildFile; fileRef = D8B5E32F2D6E177F006BC604 /* TabbarViewExample3.swift */; };
		D8B5E3792D6E177F006BC604 /* TabItemExample3.swift in Sources */ = {isa = PBXBuildFile; fileRef = D8B5E3302D6E177F006BC604 /* TabItemExample3.swift */; };
		D8B5E37A2D6E177F006BC604 /* TabShapeExample3.swift in Sources */ = {isa = PBXBuildFile; fileRef = D8B5E3312D6E177F006BC604 /* TabShapeExample3.swift */; };
		D8B5E37B2D6E177F006BC604 /* TabbarExampleData.swift in Sources */ = {isa = PBXBuildFile; fileRef = D8B5E3342D6E177F006BC604 /* TabbarExampleData.swift */; };
		D8B5E37C2D6E177F006BC604 /* TabbarExampleListModel.swift in Sources */ = {isa = PBXBuildFile; fileRef = D8B5E3352D6E177F006BC604 /* TabbarExampleListModel.swift */; };
		D8B5E37D2D6E177F006BC604 /* TabbarExampleListView.swift in Sources */ = {isa = PBXBuildFile; fileRef = D8B5E3362D6E177F006BC604 /* TabbarExampleListView.swift */; };
		D8B5E37E2D6E177F006BC604 /* WeatherButton.swift in Sources */ = {isa = PBXBuildFile; fileRef = D8B5E3392D6E177F006BC604 /* WeatherButton.swift */; };
		D8B5E37F2D6E177F006BC604 /* DetailedWeatherView.swift in Sources */ = {isa = PBXBuildFile; fileRef = D8B5E33B2D6E177F006BC604 /* DetailedWeatherView.swift */; };
		D8B5E3802D6E177F006BC604 /* HomeWeatherView.swift in Sources */ = {isa = PBXBuildFile; fileRef = D8B5E33D2D6E177F006BC604 /* HomeWeatherView.swift */; };
		D8B5E3812D6E177F006BC604 /* HomeWeatherViewModel.swift in Sources */ = {isa = PBXBuildFile; fileRef = D8B5E33E2D6E177F006BC604 /* HomeWeatherViewModel.swift */; };
		D8B5E3822D6E177F006BC604 /* Extension+Colors.swift in Sources */ = {isa = PBXBuildFile; fileRef = D8B5E3422D6E177F006BC604 /* Extension+Colors.swift */; };
		D8B5E3832D6E177F006BC604 /* TopicListMockData.swift in Sources */ = {isa = PBXBuildFile; fileRef = D8B5E34C2D6E177F006BC604 /* TopicListMockData.swift */; };
		D8B5E3842D6E177F006BC604 /* TopicListModel.swift in Sources */ = {isa = PBXBuildFile; fileRef = D8B5E34D2D6E177F006BC604 /* TopicListModel.swift */; };
		D8B5E3852D6E177F006BC604 /* TopicListView.swift in Sources */ = {isa = PBXBuildFile; fileRef = D8B5E34E2D6E177F006BC604 /* TopicListView.swift */; };
		D8B5E3862D6E177F006BC604 /* CommonListCellRowView.swift in Sources */ = {isa = PBXBuildFile; fileRef = D8B5E3502D6E177F006BC604 /* CommonListCellRowView.swift */; };
		D8B5E3872D6E177F006BC604 /* ListItemModelProtocol.swift in Sources */ = {isa = PBXBuildFile; fileRef = D8B5E3512D6E177F006BC604 /* ListItemModelProtocol.swift */; };
		D8B5E3882D6E177F006BC604 /* Strings+Values.swift in Sources */ = {isa = PBXBuildFile; fileRef = D8B5E3522D6E177F006BC604 /* Strings+Values.swift */; };
/* End PBXBuildFile section */

/* Begin PBXFileReference section */
		D8B5E27E2D6E16C3006BC604 /* SwiftUITutorialDemoProjects.app */ = {isa = PBXFileReference; explicitFileType = wrapper.application; includeInIndex = 0; path = SwiftUITutorialDemoProjects.app; sourceTree = BUILT_PRODUCTS_DIR; };
		D8B5E3082D6E177F006BC604 /* SwiftUITutorialDemoProjectsApp.swift */ = {isa = PBXFileReference; lastKnownFileType = sourcecode.swift; path = SwiftUITutorialDemoProjectsApp.swift; sourceTree = "<group>"; };
		D8B5E30A2D6E177F006BC604 /* LazyHGridExampleView.swift */ = {isa = PBXFileReference; lastKnownFileType = sourcecode.swift; path = LazyHGridExampleView.swift; sourceTree = "<group>"; };
		D8B5E30B2D6E177F006BC604 /* LazyVGridExampleView.swift */ = {isa = PBXFileReference; lastKnownFileType = sourcecode.swift; path = LazyVGridExampleView.swift; sourceTree = "<group>"; };
		D8B5E30C2D6E177F006BC604 /* StaticGridExampleView.swift */ = {isa = PBXFileReference; lastKnownFileType = sourcecode.swift; path = StaticGridExampleView.swift; sourceTree = "<group>"; };
		D8B5E30E2D6E177F006BC604 /* GridAllExampleView.swift */ = {isa = PBXFileReference; lastKnownFileType = sourcecode.swift; path = GridAllExampleView.swift; sourceTree = "<group>"; };
		D8B5E30F2D6E177F006BC604 /* GridExampleListModel.swift */ = {isa = PBXFileReference; lastKnownFileType = sourcecode.swift; path = GridExampleListModel.swift; sourceTree = "<group>"; };
		D8B5E3102D6E177F006BC604 /* GridMockData.swift */ = {isa = PBXFileReference; lastKnownFileType = sourcecode.swift; path = GridMockData.swift; sourceTree = "<group>"; };
		D8B5E3122D6E177F006BC604 /* GroupBoxExample.swift */ = {isa = PBXFileReference; lastKnownFileType = sourcecode.swift; path = GroupBoxExample.swift; sourceTree = "<group>"; };
		D8B5E3132D6E177F006BC604 /* MusicPlayerBox.swift */ = {isa = PBXFileReference; lastKnownFileType = sourcecode.swift; path = MusicPlayerBox.swift; sourceTree = "<group>"; };
		D8B5E3152D6E177F006BC604 /* ProfileCardTabbar.swift */ = {isa = PBXFileReference; lastKnownFileType = sourcecode.swift; path = ProfileCardTabbar.swift; sourceTree = "<group>"; };
		D8B5E3162D6E177F006BC604 /* ProfileCardTabbarButtonView.swift */ = {isa = PBXFileReference; lastKnownFileType = sourcecode.swift; path = ProfileCardTabbarButtonView.swift; sourceTree = "<group>"; };
		D8B5E3172D6E177F006BC604 /* ProfileCardTabbarView.swift */ = {isa = PBXFileReference; lastKnownFileType = sourcecode.swift; path = ProfileCardTabbarView.swift; sourceTree = "<group>"; };
		D8B5E3192D6E177F006BC604 /* CardListView.swift */ = {isa = PBXFileReference; lastKnownFileType = sourcecode.swift; path = CardListView.swift; sourceTree = "<group>"; };
		D8B5E31A2D6E177F006BC604 /* CardViewRow.swift */ = {isa = PBXFileReference; lastKnownFileType = sourcecode.swift; path = CardViewRow.swift; sourceTree = "<group>"; };
		D8B5E31B2D6E177F006BC604 /* PersonData.swift */ = {isa = PBXFileReference; lastKnownFileType = sourcecode.swift; path = PersonData.swift; sourceTree = "<group>"; };
		D8B5E31E2D6E177F006BC604 /* ReorderListExampleView.swift */ = {isa = PBXFileReference; lastKnownFileType = sourcecode.swift; path = ReorderListExampleView.swift; sourceTree = "<group>"; };
		D8B5E3202D6E177F006BC604 /* ScrollViewPagingAnimation.swift */ = {isa = PBXFileReference; lastKnownFileType = sourcecode.swift; path = ScrollViewPagingAnimation.swift; sourceTree = "<group>"; };
		D8B5E3222D6E177F006BC604 /* PanGesture.swift */ = {isa = PBXFileReference; lastKnownFileType = sourcecode.swift; path = PanGesture.swift; sourceTree = "<group>"; };
		D8B5E3232D6E177F006BC604 /* SwipeActionExampleView.swift */ = {isa = PBXFileReference; lastKnownFileType = sourcecode.swift; path = SwipeActionExampleView.swift; sourceTree = "<group>"; };
		D8B5E3242D6E177F006BC604 /* SwipeActionModel.swift */ = {isa = PBXFileReference; lastKnownFileType = sourcecode.swift; path = SwipeActionModel.swift; sourceTree = "<group>"; };
		D8B5E3262D6E177F006BC604 /* CustomTabbarExample1.swift */ = {isa = PBXFileReference; lastKnownFileType = sourcecode.swift; path = CustomTabbarExample1.swift; sourceTree = "<group>"; };
		D8B5E3272D6E177F006BC604 /* TabbarEnumExample1.swift */ = {isa = PBXFileReference; lastKnownFileType = sourcecode.swift; path = TabbarEnumExample1.swift; sourceTree = "<group>"; };
		D8B5E3282D6E177F006BC604 /* TabbarViewExample1.swift */ = {isa = PBXFileReference; lastKnownFileType = sourcecode.swift; path = TabbarViewExample1.swift; sourceTree = "<group>"; };
		D8B5E32A2D6E177F006BC604 /* CustomTabbarExample2.swift */ = {isa = PBXFileReference; lastKnownFileType = sourcecode.swift; path = CustomTabbarExample2.swift; sourceTree = "<group>"; };
		D8B5E32B2D6E177F006BC604 /* TabbarViewExample2.swift */ = {isa = PBXFileReference; lastKnownFileType = sourcecode.swift; path = TabbarViewExample2.swift; sourceTree = "<group>"; };
		D8B5E32D2D6E177F006BC604 /* HelpingFunctions.swift */ = {isa = PBXFileReference; lastKnownFileType = sourcecode.swift; path = HelpingFunctions.swift; sourceTree = "<group>"; };
		D8B5E32E2D6E177F006BC604 /* TabbarEnumExample3.swift */ = {isa = PBXFileReference; lastKnownFileType = sourcecode.swift; path = TabbarEnumExample3.swift; sourceTree = "<group>"; };
		D8B5E32F2D6E177F006BC604 /* TabbarViewExample3.swift */ = {isa = PBXFileReference; lastKnownFileType = sourcecode.swift; path = TabbarViewExample3.swift; sourceTree = "<group>"; };
		D8B5E3302D6E177F006BC604 /* TabItemExample3.swift */ = {isa = PBXFileReference; lastKnownFileType = sourcecode.swift; path = TabItemExample3.swift; sourceTree = "<group>"; };
		D8B5E3312D6E177F006BC604 /* TabShapeExample3.swift */ = {isa = PBXFileReference; lastKnownFileType = sourcecode.swift; path = TabShapeExample3.swift; sourceTree = "<group>"; };
		D8B5E3342D6E177F006BC604 /* TabbarExampleData.swift */ = {isa = PBXFileReference; lastKnownFileType = sourcecode.swift; path = TabbarExampleData.swift; sourceTree = "<group>"; };
		D8B5E3352D6E177F006BC604 /* TabbarExampleListModel.swift */ = {isa = PBXFileReference; lastKnownFileType = sourcecode.swift; path = TabbarExampleListModel.swift; sourceTree = "<group>"; };
		D8B5E3362D6E177F006BC604 /* TabbarExampleListView.swift */ = {isa = PBXFileReference; lastKnownFileType = sourcecode.swift; path = TabbarExampleListView.swift; sourceTree = "<group>"; };
		D8B5E3392D6E177F006BC604 /* WeatherButton.swift */ = {isa = PBXFileReference; lastKnownFileType = sourcecode.swift; path = WeatherButton.swift; sourceTree = "<group>"; };
		D8B5E33B2D6E177F006BC604 /* DetailedWeatherView.swift */ = {isa = PBXFileReference; lastKnownFileType = sourcecode.swift; path = DetailedWeatherView.swift; sourceTree = "<group>"; };
		D8B5E33D2D6E177F006BC604 /* HomeWeatherView.swift */ = {isa = PBXFileReference; lastKnownFileType = sourcecode.swift; path = HomeWeatherView.swift; sourceTree = "<group>"; };
		D8B5E33E2D6E177F006BC604 /* HomeWeatherViewModel.swift */ = {isa = PBXFileReference; lastKnownFileType = sourcecode.swift; path = HomeWeatherViewModel.swift; sourceTree = "<group>"; };
		D8B5E3422D6E177F006BC604 /* Extension+Colors.swift */ = {isa = PBXFileReference; lastKnownFileType = sourcecode.swift; path = "Extension+Colors.swift"; sourceTree = "<group>"; };
		D8B5E3442D6E177F006BC604 /* Preview Assets.xcassets */ = {isa = PBXFileReference; lastKnownFileType = folder.assetcatalog; path = "Preview Assets.xcassets"; sourceTree = "<group>"; };
		D8B5E3462D6E177F006BC604 /* Colors.xcassets */ = {isa = PBXFileReference; lastKnownFileType = folder.assetcatalog; path = Colors.xcassets; sourceTree = "<group>"; };
		D8B5E3482D6E177F006BC604 /* Assets.xcassets */ = {isa = PBXFileReference; lastKnownFileType = folder.assetcatalog; path = Assets.xcassets; sourceTree = "<group>"; };
		D8B5E3492D6E177F006BC604 /* Preview Assets.xcassets */ = {isa = PBXFileReference; lastKnownFileType = folder.assetcatalog; path = "Preview Assets.xcassets"; sourceTree = "<group>"; };
		D8B5E34C2D6E177F006BC604 /* TopicListMockData.swift */ = {isa = PBXFileReference; lastKnownFileType = sourcecode.swift; path = TopicListMockData.swift; sourceTree = "<group>"; };
		D8B5E34D2D6E177F006BC604 /* TopicListModel.swift */ = {isa = PBXFileReference; lastKnownFileType = sourcecode.swift; path = TopicListModel.swift; sourceTree = "<group>"; };
		D8B5E34E2D6E177F006BC604 /* TopicListView.swift */ = {isa = PBXFileReference; lastKnownFileType = sourcecode.swift; path = TopicListView.swift; sourceTree = "<group>"; };
		D8B5E3502D6E177F006BC604 /* CommonListCellRowView.swift */ = {isa = PBXFileReference; lastKnownFileType = sourcecode.swift; path = CommonListCellRowView.swift; sourceTree = "<group>"; };
		D8B5E3512D6E177F006BC604 /* ListItemModelProtocol.swift */ = {isa = PBXFileReference; lastKnownFileType = sourcecode.swift; path = ListItemModelProtocol.swift; sourceTree = "<group>"; };
		D8B5E3522D6E177F006BC604 /* Strings+Values.swift */ = {isa = PBXFileReference; lastKnownFileType = sourcecode.swift; path = "Strings+Values.swift"; sourceTree = "<group>"; };
/* End PBXFileReference section */

/* Begin PBXFrameworksBuildPhase section */
		D8B5E27B2D6E16C3006BC604 /* Frameworks */ = {
			isa = PBXFrameworksBuildPhase;
			buildActionMask = 2147483647;
			files = (
			);
			runOnlyForDeploymentPostprocessing = 0;
		};
/* End PBXFrameworksBuildPhase section */

/* Begin PBXGroup section */
		D8B5E2752D6E16C3006BC604 = {
			isa = PBXGroup;
			children = (
				D8B5E3572D6E177F006BC604 /* SwiftUITutorialDemoProjects */,
				D8B5E27F2D6E16C3006BC604 /* Products */,
			);
			sourceTree = "<group>";
		};
		D8B5E27F2D6E16C3006BC604 /* Products */ = {
			isa = PBXGroup;
			children = (
				D8B5E27E2D6E16C3006BC604 /* SwiftUITutorialDemoProjects.app */,
			);
			name = Products;
			sourceTree = "<group>";
		};
		D8B5E3092D6E177F006BC604 /* Application */ = {
			isa = PBXGroup;
			children = (
				D8B5E3082D6E177F006BC604 /* SwiftUITutorialDemoProjectsApp.swift */,
			);
			path = Application;
			sourceTree = "<group>";
		};
		D8B5E30D2D6E177F006BC604 /* Examples */ = {
			isa = PBXGroup;
			children = (
				D8B5E30A2D6E177F006BC604 /* LazyHGridExampleView.swift */,
				D8B5E30B2D6E177F006BC604 /* LazyVGridExampleView.swift */,
				D8B5E30C2D6E177F006BC604 /* StaticGridExampleView.swift */,
			);
			path = Examples;
			sourceTree = "<group>";
		};
		D8B5E3112D6E177F006BC604 /* GridsExamples */ = {
			isa = PBXGroup;
			children = (
				D8B5E30D2D6E177F006BC604 /* Examples */,
				D8B5E30E2D6E177F006BC604 /* GridAllExampleView.swift */,
				D8B5E30F2D6E177F006BC604 /* GridExampleListModel.swift */,
				D8B5E3102D6E177F006BC604 /* GridMockData.swift */,
			);
			path = GridsExamples;
			sourceTree = "<group>";
		};
		D8B5E3142D6E177F006BC604 /* GroupBoxExample */ = {
			isa = PBXGroup;
			children = (
				D8B5E3122D6E177F006BC604 /* GroupBoxExample.swift */,
				D8B5E3132D6E177F006BC604 /* MusicPlayerBox.swift */,
			);
			path = GroupBoxExample;
			sourceTree = "<group>";
		};
		D8B5E3182D6E177F006BC604 /* ProfileCardViews */ = {
			isa = PBXGroup;
			children = (
				D8B5E3152D6E177F006BC604 /* ProfileCardTabbar.swift */,
				D8B5E3162D6E177F006BC604 /* ProfileCardTabbarButtonView.swift */,
				D8B5E3172D6E177F006BC604 /* ProfileCardTabbarView.swift */,
			);
			path = ProfileCardViews;
			sourceTree = "<group>";
		};
		D8B5E31C2D6E177F006BC604 /* TabbarViews */ = {
			isa = PBXGroup;
			children = (
				D8B5E3192D6E177F006BC604 /* CardListView.swift */,
				D8B5E31A2D6E177F006BC604 /* CardViewRow.swift */,
				D8B5E31B2D6E177F006BC604 /* PersonData.swift */,
			);
			path = TabbarViews;
			sourceTree = "<group>";
		};
		D8B5E31D2D6E177F006BC604 /* ProfileCardExample */ = {
			isa = PBXGroup;
			children = (
				D8B5E3182D6E177F006BC604 /* ProfileCardViews */,
				D8B5E31C2D6E177F006BC604 /* TabbarViews */,
			);
			path = ProfileCardExample;
			sourceTree = "<group>";
		};
		D8B5E31F2D6E177F006BC604 /* ReorderListExample */ = {
			isa = PBXGroup;
			children = (
				D8B5E31E2D6E177F006BC604 /* ReorderListExampleView.swift */,
			);
			path = ReorderListExample;
			sourceTree = "<group>";
		};
		D8B5E3212D6E177F006BC604 /* ScrollViewExamples */ = {
			isa = PBXGroup;
			children = (
				D8B5E3202D6E177F006BC604 /* ScrollViewPagingAnimation.swift */,
			);
			path = ScrollViewExamples;
			sourceTree = "<group>";
		};
		D8B5E3252D6E177F006BC604 /* SwipeActionExample */ = {
			isa = PBXGroup;
			children = (
				D8B5E3222D6E177F006BC604 /* PanGesture.swift */,
				D8B5E3232D6E177F006BC604 /* SwipeActionExampleView.swift */,
				D8B5E3242D6E177F006BC604 /* SwipeActionModel.swift */,
			);
			path = SwipeActionExample;
			sourceTree = "<group>";
		};
		D8B5E3292D6E177F006BC604 /* TabbarExample1 */ = {
			isa = PBXGroup;
			children = (
				D8B5E3262D6E177F006BC604 /* CustomTabbarExample1.swift */,
				D8B5E3272D6E177F006BC604 /* TabbarEnumExample1.swift */,
				D8B5E3282D6E177F006BC604 /* TabbarViewExample1.swift */,
			);
			path = TabbarExample1;
			sourceTree = "<group>";
		};
		D8B5E32C2D6E177F006BC604 /* TabbarExample2 */ = {
			isa = PBXGroup;
			children = (
				D8B5E32A2D6E177F006BC604 /* CustomTabbarExample2.swift */,
				D8B5E32B2D6E177F006BC604 /* TabbarViewExample2.swift */,
			);
			path = TabbarExample2;
			sourceTree = "<group>";
		};
		D8B5E3322D6E177F006BC604 /* TabbarExample3 */ = {
			isa = PBXGroup;
			children = (
				D8B5E32D2D6E177F006BC604 /* HelpingFunctions.swift */,
				D8B5E32E2D6E177F006BC604 /* TabbarEnumExample3.swift */,
				D8B5E32F2D6E177F006BC604 /* TabbarViewExample3.swift */,
				D8B5E3302D6E177F006BC604 /* TabItemExample3.swift */,
				D8B5E3312D6E177F006BC604 /* TabShapeExample3.swift */,
			);
			path = TabbarExample3;
			sourceTree = "<group>";
		};
		D8B5E3332D6E177F006BC604 /* Examples */ = {
			isa = PBXGroup;
			children = (
				D8B5E3292D6E177F006BC604 /* TabbarExample1 */,
				D8B5E32C2D6E177F006BC604 /* TabbarExample2 */,
				D8B5E3322D6E177F006BC604 /* TabbarExample3 */,
			);
			path = Examples;
			sourceTree = "<group>";
		};
		D8B5E3372D6E177F006BC604 /* TabbarExampleListView */ = {
			isa = PBXGroup;
			children = (
				D8B5E3342D6E177F006BC604 /* TabbarExampleData.swift */,
				D8B5E3352D6E177F006BC604 /* TabbarExampleListModel.swift */,
				D8B5E3362D6E177F006BC604 /* TabbarExampleListView.swift */,
			);
			path = TabbarExampleListView;
			sourceTree = "<group>";
		};
		D8B5E3382D6E177F006BC604 /* TabbarExamples */ = {
			isa = PBXGroup;
			children = (
				D8B5E3332D6E177F006BC604 /* Examples */,
				D8B5E3372D6E177F006BC604 /* TabbarExampleListView */,
			);
			path = TabbarExamples;
			sourceTree = "<group>";
		};
		D8B5E33A2D6E177F006BC604 /* CommonButton */ = {
			isa = PBXGroup;
			children = (
				D8B5E3392D6E177F006BC604 /* WeatherButton.swift */,
			);
			path = CommonButton;
			sourceTree = "<group>";
		};
		D8B5E33C2D6E177F006BC604 /* DetailedWeatherView */ = {
			isa = PBXGroup;
			children = (
				D8B5E33B2D6E177F006BC604 /* DetailedWeatherView.swift */,
			);
			path = DetailedWeatherView;
			sourceTree = "<group>";
		};
		D8B5E33F2D6E177F006BC604 /* HomeWeatherView */ = {
			isa = PBXGroup;
			children = (
				D8B5E33D2D6E177F006BC604 /* HomeWeatherView.swift */,
				D8B5E33E2D6E177F006BC604 /* HomeWeatherViewModel.swift */,
			);
			path = HomeWeatherView;
			sourceTree = "<group>";
		};
		D8B5E3402D6E177F006BC604 /* WeatherAppExample */ = {
			isa = PBXGroup;
			children = (
				D8B5E33A2D6E177F006BC604 /* CommonButton */,
				D8B5E33C2D6E177F006BC604 /* DetailedWeatherView */,
				D8B5E33F2D6E177F006BC604 /* HomeWeatherView */,
			);
			path = WeatherAppExample;
			sourceTree = "<group>";
		};
		D8B5E3412D6E177F006BC604 /* AppTutorialViews */ = {
			isa = PBXGroup;
			children = (
				D8B5E3112D6E177F006BC604 /* GridsExamples */,
				D8B5E3142D6E177F006BC604 /* GroupBoxExample */,
				D8B5E31D2D6E177F006BC604 /* ProfileCardExample */,
				D8B5E31F2D6E177F006BC604 /* ReorderListExample */,
				D8B5E3212D6E177F006BC604 /* ScrollViewExamples */,
				D8B5E3252D6E177F006BC604 /* SwipeActionExample */,
				D8B5E3382D6E177F006BC604 /* TabbarExamples */,
				D8B5E3402D6E177F006BC604 /* WeatherAppExample */,
			);
			path = AppTutorialViews;
			sourceTree = "<group>";
		};
		D8B5E3432D6E177F006BC604 /* Extensions */ = {
			isa = PBXGroup;
			children = (
				D8B5E3422D6E177F006BC604 /* Extension+Colors.swift */,
			);
			path = Extensions;
			sourceTree = "<group>";
		};
		D8B5E3452D6E177F006BC604 /* Preview Content */ = {
			isa = PBXGroup;
			children = (
				D8B5E3442D6E177F006BC604 /* Preview Assets.xcassets */,
			);
			path = "Preview Content";
			sourceTree = "<group>";
		};
		D8B5E3472D6E177F006BC604 /* Colors */ = {
			isa = PBXGroup;
			children = (
				D8B5E3462D6E177F006BC604 /* Colors.xcassets */,
			);
			path = Colors;
			sourceTree = "<group>";
		};
		D8B5E34A2D6E177F006BC604 /* Images */ = {
			isa = PBXGroup;
			children = (
				D8B5E3482D6E177F006BC604 /* Assets.xcassets */,
				D8B5E3492D6E177F006BC604 /* Preview Assets.xcassets */,
			);
			path = Images;
			sourceTree = "<group>";
		};
		D8B5E34B2D6E177F006BC604 /* Resources */ = {
			isa = PBXGroup;
			children = (
				D8B5E3472D6E177F006BC604 /* Colors */,
				D8B5E34A2D6E177F006BC604 /* Images */,
			);
			path = Resources;
			sourceTree = "<group>";
		};
		D8B5E34F2D6E177F006BC604 /* TopicList */ = {
			isa = PBXGroup;
			children = (
				D8B5E34C2D6E177F006BC604 /* TopicListMockData.swift */,
				D8B5E34D2D6E177F006BC604 /* TopicListModel.swift */,
				D8B5E34E2D6E177F006BC604 /* TopicListView.swift */,
			);
			path = TopicList;
			sourceTree = "<group>";
		};
		D8B5E3532D6E177F006BC604 /* Utilities */ = {
			isa = PBXGroup;
			children = (
				D8B5E3502D6E177F006BC604 /* CommonListCellRowView.swift */,
				D8B5E3512D6E177F006BC604 /* ListItemModelProtocol.swift */,
				D8B5E3522D6E177F006BC604 /* Strings+Values.swift */,
			);
			path = Utilities;
			sourceTree = "<group>";
		};
		D8B5E3572D6E177F006BC604 /* SwiftUITutorialDemoProjects */ = {
			isa = PBXGroup;
			children = (
				D8B5E3092D6E177F006BC604 /* Application */,
				D8B5E3412D6E177F006BC604 /* AppTutorialViews */,
				D8B5E3432D6E177F006BC604 /* Extensions */,
				D8B5E3452D6E177F006BC604 /* Preview Content */,
				D8B5E34B2D6E177F006BC604 /* Resources */,
				D8B5E34F2D6E177F006BC604 /* TopicList */,
				D8B5E3532D6E177F006BC604 /* Utilities */,
			);
			path = SwiftUITutorialDemoProjects;
			sourceTree = "<group>";
		};
/* End PBXGroup section */

/* Begin PBXNativeTarget section */
		D8B5E27D2D6E16C3006BC604 /* SwiftUITutorialDemoProjects */ = {
			isa = PBXNativeTarget;
			buildConfigurationList = D8B5E28C2D6E16C6006BC604 /* Build configuration list for PBXNativeTarget "SwiftUITutorialDemoProjects" */;
			buildPhases = (
				D8B5E27A2D6E16C3006BC604 /* Sources */,
				D8B5E27B2D6E16C3006BC604 /* Frameworks */,
				D8B5E27C2D6E16C3006BC604 /* Resources */,
			);
			buildRules = (
			);
			dependencies = (
			);
			name = SwiftUITutorialDemoProjects;
			packageProductDependencies = (
			);
			productName = SwiftUITutorialDemoProjects;
			productReference = D8B5E27E2D6E16C3006BC604 /* SwiftUITutorialDemoProjects.app */;
			productType = "com.apple.product-type.application";
		};
/* End PBXNativeTarget section */

/* Begin PBXProject section */
		D8B5E2762D6E16C3006BC604 /* Project object */ = {
			isa = PBXProject;
			attributes = {
				BuildIndependentTargetsInParallel = 1;
				LastSwiftUpdateCheck = 1620;
				LastUpgradeCheck = 1620;
				TargetAttributes = {
					D8B5E27D2D6E16C3006BC604 = {
						CreatedOnToolsVersion = 16.2;
					};
				};
			};
			buildConfigurationList = D8B5E2792D6E16C3006BC604 /* Build configuration list for PBXProject "SwiftUITutorialDemoProjects" */;
			developmentRegion = en;
			hasScannedForEncodings = 0;
			knownRegions = (
				en,
				Base,
			);
			mainGroup = D8B5E2752D6E16C3006BC604;
			minimizedProjectReferenceProxies = 1;
			preferredProjectObjectVersion = 77;
			productRefGroup = D8B5E27F2D6E16C3006BC604 /* Products */;
			projectDirPath = "";
			projectRoot = "";
			targets = (
				D8B5E27D2D6E16C3006BC604 /* SwiftUITutorialDemoProjects */,
			);
		};
/* End PBXProject section */

/* Begin PBXResourcesBuildPhase section */
		D8B5E27C2D6E16C3006BC604 /* Resources */ = {
			isa = PBXResourcesBuildPhase;
			buildActionMask = 2147483647;
			files = (
				D8B5E3582D6E177F006BC604 /* Preview Assets.xcassets in Resources */,
				D8B5E3592D6E177F006BC604 /* Colors.xcassets in Resources */,
				D8B5E35A2D6E177F006BC604 /* Assets.xcassets in Resources */,
				D8B5E35B2D6E177F006BC604 /* Preview Assets.xcassets in Resources */,
			);
			runOnlyForDeploymentPostprocessing = 0;
		};
/* End PBXResourcesBuildPhase section */

/* Begin PBXSourcesBuildPhase section */
		D8B5E27A2D6E16C3006BC604 /* Sources */ = {
			isa = PBXSourcesBuildPhase;
			buildActionMask = 2147483647;
			files = (
				D8B5E35D2D6E177F006BC604 /* SwiftUITutorialDemoProjectsApp.swift in Sources */,
				D8B5E35E2D6E177F006BC604 /* LazyHGridExampleView.swift in Sources */,
				D8B5E35F2D6E177F006BC604 /* LazyVGridExampleView.swift in Sources */,
				D8B5E3602D6E177F006BC604 /* StaticGridExampleView.swift in Sources */,
				D8B5E3612D6E177F006BC604 /* GridAllExampleView.swift in Sources */,
				D8B5E3622D6E177F006BC604 /* GridExampleListModel.swift in Sources */,
				D8B5E3632D6E177F006BC604 /* GridMockData.swift in Sources */,
				D8B5E3642D6E177F006BC604 /* GroupBoxExample.swift in Sources */,
				D8B5E3652D6E177F006BC604 /* MusicPlayerBox.swift in Sources */,
				D8B5E3662D6E177F006BC604 /* ProfileCardTabbar.swift in Sources */,
				D8B5E3672D6E177F006BC604 /* ProfileCardTabbarButtonView.swift in Sources */,
				D8B5E3682D6E177F006BC604 /* ProfileCardTabbarView.swift in Sources */,
				D8B5E3692D6E177F006BC604 /* CardListView.swift in Sources */,
				D8B5E36A2D6E177F006BC604 /* CardViewRow.swift in Sources */,
				D8B5E36B2D6E177F006BC604 /* PersonData.swift in Sources */,
				D8B5E36C2D6E177F006BC604 /* ReorderListExampleView.swift in Sources */,
				D8B5E36D2D6E177F006BC604 /* ScrollViewPagingAnimation.swift in Sources */,
				D8B5E36E2D6E177F006BC604 /* PanGesture.swift in Sources */,
				D8B5E36F2D6E177F006BC604 /* SwipeActionExampleView.swift in Sources */,
				D8B5E3702D6E177F006BC604 /* SwipeActionModel.swift in Sources */,
				D8B5E3712D6E177F006BC604 /* CustomTabbarExample1.swift in Sources */,
				D8B5E3722D6E177F006BC604 /* TabbarEnumExample1.swift in Sources */,
				D8B5E3732D6E177F006BC604 /* TabbarViewExample1.swift in Sources */,
				D8B5E3742D6E177F006BC604 /* CustomTabbarExample2.swift in Sources */,
				D8B5E3752D6E177F006BC604 /* TabbarViewExample2.swift in Sources */,
				D8B5E3762D6E177F006BC604 /* HelpingFunctions.swift in Sources */,
				D8B5E3772D6E177F006BC604 /* TabbarEnumExample3.swift in Sources */,
				D8B5E3782D6E177F006BC604 /* TabbarViewExample3.swift in Sources */,
				D8B5E3792D6E177F006BC604 /* TabItemExample3.swift in Sources */,
				D8B5E37A2D6E177F006BC604 /* TabShapeExample3.swift in Sources */,
				D8B5E37B2D6E177F006BC604 /* TabbarExampleData.swift in Sources */,
				D8B5E37C2D6E177F006BC604 /* TabbarExampleListModel.swift in Sources */,
				D8B5E37D2D6E177F006BC604 /* TabbarExampleListView.swift in Sources */,
				D8B5E37E2D6E177F006BC604 /* WeatherButton.swift in Sources */,
				D8B5E37F2D6E177F006BC604 /* DetailedWeatherView.swift in Sources */,
				D8B5E3802D6E177F006BC604 /* HomeWeatherView.swift in Sources */,
				D8B5E3812D6E177F006BC604 /* HomeWeatherViewModel.swift in Sources */,
				D8B5E3822D6E177F006BC604 /* Extension+Colors.swift in Sources */,
				D8B5E3832D6E177F006BC604 /* TopicListMockData.swift in Sources */,
				D8B5E3842D6E177F006BC604 /* TopicListModel.swift in Sources */,
				D8B5E3852D6E177F006BC604 /* TopicListView.swift in Sources */,
				D8B5E3862D6E177F006BC604 /* CommonListCellRowView.swift in Sources */,
				D8B5E3872D6E177F006BC604 /* ListItemModelProtocol.swift in Sources */,
				D8B5E3882D6E177F006BC604 /* Strings+Values.swift in Sources */,
			);
			runOnlyForDeploymentPostprocessing = 0;
		};
/* End PBXSourcesBuildPhase section */

/* Begin XCBuildConfiguration section */
		D8B5E28A2D6E16C6006BC604 /* Debug */ = {
			isa = XCBuildConfiguration;
			buildSettings = {
				ALWAYS_SEARCH_USER_PATHS = NO;
				ASSETCATALOG_COMPILER_GENERATE_SWIFT_ASSET_SYMBOL_EXTENSIONS = YES;
				CLANG_ANALYZER_NONNULL = YES;
				CLANG_ANALYZER_NUMBER_OBJECT_CONVERSION = YES_AGGRESSIVE;
				CLANG_CXX_LANGUAGE_STANDARD = "gnu++20";
				CLANG_ENABLE_MODULES = YES;
				CLANG_ENABLE_OBJC_ARC = YES;
				CLANG_ENABLE_OBJC_WEAK = YES;
				CLANG_WARN_BLOCK_CAPTURE_AUTORELEASING = YES;
				CLANG_WARN_BOOL_CONVERSION = YES;
				CLANG_WARN_COMMA = YES;
				CLANG_WARN_CONSTANT_CONVERSION = YES;
				CLANG_WARN_DEPRECATED_OBJC_IMPLEMENTATIONS = YES;
				CLANG_WARN_DIRECT_OBJC_ISA_USAGE = YES_ERROR;
				CLANG_WARN_DOCUMENTATION_COMMENTS = YES;
				CLANG_WARN_EMPTY_BODY = YES;
				CLANG_WARN_ENUM_CONVERSION = YES;
				CLANG_WARN_INFINITE_RECURSION = YES;
				CLANG_WARN_INT_CONVERSION = YES;
				CLANG_WARN_NON_LITERAL_NULL_CONVERSION = YES;
				CLANG_WARN_OBJC_IMPLICIT_RETAIN_SELF = YES;
				CLANG_WARN_OBJC_LITERAL_CONVERSION = YES;
				CLANG_WARN_OBJC_ROOT_CLASS = YES_ERROR;
				CLANG_WARN_QUOTED_INCLUDE_IN_FRAMEWORK_HEADER = YES;
				CLANG_WARN_RANGE_LOOP_ANALYSIS = YES;
				CLANG_WARN_STRICT_PROTOTYPES = YES;
				CLANG_WARN_SUSPICIOUS_MOVE = YES;
				CLANG_WARN_UNGUARDED_AVAILABILITY = YES_AGGRESSIVE;
				CLANG_WARN_UNREACHABLE_CODE = YES;
				CLANG_WARN__DUPLICATE_METHOD_MATCH = YES;
				COPY_PHASE_STRIP = NO;
				DEBUG_INFORMATION_FORMAT = dwarf;
				ENABLE_STRICT_OBJC_MSGSEND = YES;
				ENABLE_TESTABILITY = YES;
				ENABLE_USER_SCRIPT_SANDBOXING = YES;
				GCC_C_LANGUAGE_STANDARD = gnu17;
				GCC_DYNAMIC_NO_PIC = NO;
				GCC_NO_COMMON_BLOCKS = YES;
				GCC_OPTIMIZATION_LEVEL = 0;
				GCC_PREPROCESSOR_DEFINITIONS = (
					"DEBUG=1",
					"$(inherited)",
				);
				GCC_WARN_64_TO_32_BIT_CONVERSION = YES;
				GCC_WARN_ABOUT_RETURN_TYPE = YES_ERROR;
				GCC_WARN_UNDECLARED_SELECTOR = YES;
				GCC_WARN_UNINITIALIZED_AUTOS = YES_AGGRESSIVE;
				GCC_WARN_UNUSED_FUNCTION = YES;
				GCC_WARN_UNUSED_VARIABLE = YES;
				IPHONEOS_DEPLOYMENT_TARGET = 18.2;
				LOCALIZATION_PREFERS_STRING_CATALOGS = YES;
				MTL_ENABLE_DEBUG_INFO = INCLUDE_SOURCE;
				MTL_FAST_MATH = YES;
				ONLY_ACTIVE_ARCH = YES;
				SDKROOT = iphoneos;
				SWIFT_ACTIVE_COMPILATION_CONDITIONS = "DEBUG $(inherited)";
				SWIFT_OPTIMIZATION_LEVEL = "-Onone";
			};
			name = Debug;
		};
		D8B5E28B2D6E16C6006BC604 /* Release */ = {
			isa = XCBuildConfiguration;
			buildSettings = {
				ALWAYS_SEARCH_USER_PATHS = NO;
				ASSETCATALOG_COMPILER_GENERATE_SWIFT_ASSET_SYMBOL_EXTENSIONS = YES;
				CLANG_ANALYZER_NONNULL = YES;
				CLANG_ANALYZER_NUMBER_OBJECT_CONVERSION = YES_AGGRESSIVE;
				CLANG_CXX_LANGUAGE_STANDARD = "gnu++20";
				CLANG_ENABLE_MODULES = YES;
				CLANG_ENABLE_OBJC_ARC = YES;
				CLANG_ENABLE_OBJC_WEAK = YES;
				CLANG_WARN_BLOCK_CAPTURE_AUTORELEASING = YES;
				CLANG_WARN_BOOL_CONVERSION = YES;
				CLANG_WARN_COMMA = YES;
				CLANG_WARN_CONSTANT_CONVERSION = YES;
				CLANG_WARN_DEPRECATED_OBJC_IMPLEMENTATIONS = YES;
				CLANG_WARN_DIRECT_OBJC_ISA_USAGE = YES_ERROR;
				CLANG_WARN_DOCUMENTATION_COMMENTS = YES;
				CLANG_WARN_EMPTY_BODY = YES;
				CLANG_WARN_ENUM_CONVERSION = YES;
				CLANG_WARN_INFINITE_RECURSION = YES;
				CLANG_WARN_INT_CONVERSION = YES;
				CLANG_WARN_NON_LITERAL_NULL_CONVERSION = YES;
				CLANG_WARN_OBJC_IMPLICIT_RETAIN_SELF = YES;
				CLANG_WARN_OBJC_LITERAL_CONVERSION = YES;
				CLANG_WARN_OBJC_ROOT_CLASS = YES_ERROR;
				CLANG_WARN_QUOTED_INCLUDE_IN_FRAMEWORK_HEADER = YES;
				CLANG_WARN_RANGE_LOOP_ANALYSIS = YES;
				CLANG_WARN_STRICT_PROTOTYPES = YES;
				CLANG_WARN_SUSPICIOUS_MOVE = YES;
				CLANG_WARN_UNGUARDED_AVAILABILITY = YES_AGGRESSIVE;
				CLANG_WARN_UNREACHABLE_CODE = YES;
				CLANG_WARN__DUPLICATE_METHOD_MATCH = YES;
				COPY_PHASE_STRIP = NO;
				DEBUG_INFORMATION_FORMAT = "dwarf-with-dsym";
				ENABLE_NS_ASSERTIONS = NO;
				ENABLE_STRICT_OBJC_MSGSEND = YES;
				ENABLE_USER_SCRIPT_SANDBOXING = YES;
				GCC_C_LANGUAGE_STANDARD = gnu17;
				GCC_NO_COMMON_BLOCKS = YES;
				GCC_WARN_64_TO_32_BIT_CONVERSION = YES;
				GCC_WARN_ABOUT_RETURN_TYPE = YES_ERROR;
				GCC_WARN_UNDECLARED_SELECTOR = YES;
				GCC_WARN_UNINITIALIZED_AUTOS = YES_AGGRESSIVE;
				GCC_WARN_UNUSED_FUNCTION = YES;
				GCC_WARN_UNUSED_VARIABLE = YES;
				IPHONEOS_DEPLOYMENT_TARGET = 18.2;
				LOCALIZATION_PREFERS_STRING_CATALOGS = YES;
				MTL_ENABLE_DEBUG_INFO = NO;
				MTL_FAST_MATH = YES;
				SDKROOT = iphoneos;
				SWIFT_COMPILATION_MODE = wholemodule;
				VALIDATE_PRODUCT = YES;
			};
			name = Release;
		};
		D8B5E28D2D6E16C6006BC604 /* Debug */ = {
			isa = XCBuildConfiguration;
			buildSettings = {
				ASSETCATALOG_COMPILER_APPICON_NAME = AppIcon;
				ASSETCATALOG_COMPILER_GLOBAL_ACCENT_COLOR_NAME = AccentColor;
				CODE_SIGN_STYLE = Automatic;
				CURRENT_PROJECT_VERSION = 1;
				DEVELOPMENT_ASSET_PATHS = "\"SwiftUITutorialDemoProjects/Preview Content\"";
				ENABLE_PREVIEWS = YES;
				GENERATE_INFOPLIST_FILE = YES;
				INFOPLIST_KEY_UIApplicationSceneManifest_Generation = YES;
				INFOPLIST_KEY_UIApplicationSupportsIndirectInputEvents = YES;
				INFOPLIST_KEY_UILaunchScreen_Generation = YES;
				INFOPLIST_KEY_UISupportedInterfaceOrientations_iPad = "UIInterfaceOrientationPortrait UIInterfaceOrientationPortraitUpsideDown UIInterfaceOrientationLandscapeLeft UIInterfaceOrientationLandscapeRight";
				INFOPLIST_KEY_UISupportedInterfaceOrientations_iPhone = "UIInterfaceOrientationPortrait UIInterfaceOrientationLandscapeLeft UIInterfaceOrientationLandscapeRight";
				LD_RUNPATH_SEARCH_PATHS = (
					"$(inherited)",
					"@executable_path/Frameworks",
				);
				MARKETING_VERSION = 1.0;
				PRODUCT_BUNDLE_IDENTIFIER = com.swiftUITutorialDemoProjects.SwiftUITutorialDemoProjects;
				PRODUCT_NAME = "$(TARGET_NAME)";
				SWIFT_EMIT_LOC_STRINGS = YES;
				SWIFT_VERSION = 5.0;
				TARGETED_DEVICE_FAMILY = "1,2";
			};
			name = Debug;
		};
		D8B5E28E2D6E16C6006BC604 /* Release */ = {
			isa = XCBuildConfiguration;
			buildSettings = {
				ASSETCATALOG_COMPILER_APPICON_NAME = AppIcon;
				ASSETCATALOG_COMPILER_GLOBAL_ACCENT_COLOR_NAME = AccentColor;
				CODE_SIGN_STYLE = Automatic;
				CURRENT_PROJECT_VERSION = 1;
				DEVELOPMENT_ASSET_PATHS = "\"SwiftUITutorialDemoProjects/Preview Content\"";
				ENABLE_PREVIEWS = YES;
				GENERATE_INFOPLIST_FILE = YES;
				INFOPLIST_KEY_UIApplicationSceneManifest_Generation = YES;
				INFOPLIST_KEY_UIApplicationSupportsIndirectInputEvents = YES;
				INFOPLIST_KEY_UILaunchScreen_Generation = YES;
				INFOPLIST_KEY_UISupportedInterfaceOrientations_iPad = "UIInterfaceOrientationPortrait UIInterfaceOrientationPortraitUpsideDown UIInterfaceOrientationLandscapeLeft UIInterfaceOrientationLandscapeRight";
				INFOPLIST_KEY_UISupportedInterfaceOrientations_iPhone = "UIInterfaceOrientationPortrait UIInterfaceOrientationLandscapeLeft UIInterfaceOrientationLandscapeRight";
				LD_RUNPATH_SEARCH_PATHS = (
					"$(inherited)",
					"@executable_path/Frameworks",
				);
				MARKETING_VERSION = 1.0;
				PRODUCT_BUNDLE_IDENTIFIER = com.swiftUITutorialDemoProjects.SwiftUITutorialDemoProjects;
				PRODUCT_NAME = "$(TARGET_NAME)";
				SWIFT_EMIT_LOC_STRINGS = YES;
				SWIFT_VERSION = 5.0;
				TARGETED_DEVICE_FAMILY = "1,2";
			};
			name = Release;
		};
/* End XCBuildConfiguration section */

/* Begin XCConfigurationList section */
		D8B5E2792D6E16C3006BC604 /* Build configuration list for PBXProject "SwiftUITutorialDemoProjects" */ = {
			isa = XCConfigurationList;
			buildConfigurations = (
				D8B5E28A2D6E16C6006BC604 /* Debug */,
				D8B5E28B2D6E16C6006BC604 /* Release */,
			);
			defaultConfigurationIsVisible = 0;
			defaultConfigurationName = Release;
		};
		D8B5E28C2D6E16C6006BC604 /* Build configuration list for PBXNativeTarget "SwiftUITutorialDemoProjects" */ = {
			isa = XCConfigurationList;
			buildConfigurations = (
				D8B5E28D2D6E16C6006BC604 /* Debug */,
				D8B5E28E2D6E16C6006BC604 /* Release */,
			);
			defaultConfigurationIsVisible = 0;
			defaultConfigurationName = Release;
		};
/* End XCConfigurationList section */
	};
	rootObject = D8B5E2762D6E16C3006BC604 /* Project object */;
}
